
Microsoft Visual Studio Solution File, Format Version 12.00
# Visual Studio Version 17
VisualStudioVersion = 17.0.32014.148
MinimumVisualStudioVersion = 10.0.40219.1
Project("{FAE04EC0-301F-11D3-BF4B-00C04F79EFBC}") = "AdventOfCodeDay1_1", "AdventOfCodeDay1_1.csproj", "{17DF294D-312F-42FE-8520-C7E129088FB4}"
EndProject
Global
	GlobalSection(SolutionConfigurationPlatforms) = preSolution
		Debug|Any CPU = Debug|Any CPU
		Release|Any CPU = Release|Any CPU
	EndGlobalSection
	GlobalSection(ProjectConfigurationPlatforms) = postSolution
		{17DF294D-312F-42FE-8520-C7E129088FB4}.Debug|Any CPU.ActiveCfg = Debug|Any CPU
		{17DF294D-312F-42FE-8520-C7E129088FB4}.Debug|Any CPU.Build.0 = Debug|Any CPU
		{17DF294D-312F-42FE-8520-C7E129088FB4}.Release|Any CPU.ActiveCfg = Release|Any CPU
		{17DF294D-312F-42FE-8520-C7E129088FB4}.Release|Any CPU.Build.0 = Release|Any CPU
	EndGlobalSection
	GlobalSection(SolutionProperties) = preSolution
		HideSolutionNode = FALSE
	EndGlobalSection
	GlobalSection(ExtensibilityGlobals) = postSolution
		SolutionGuid = {BFB2AB31-C5E8-4810-91EC-726FE2292127}
	EndGlobalSection
EndGlobal
